
Microsoft Visual Studio Solution File, Format Version 10.00
# Visual C# Express 2008
Project("{FAE04EC0-301F-11D3-BF4B-00C04F79EFBC}") = "LScript", "LScript.csproj", "{309DE3A0-2AFD-4113-B92A-1CB78564F81C}"
EndProject
Project("{FAE04EC0-301F-11D3-BF4B-00C04F79EFBC}") = "LScriptTest", "LScriptTest\LScriptTest.csproj", "{69A41F77-EAB3-41C6-AE87-D7D4D3E4516A}"
EndProject
Global
	GlobalSection(SolutionConfigurationPlatforms) = preSolution
		Debug|Any CPU = Debug|Any CPU
		Release|Any CPU = Release|Any CPU
	EndGlobalSection
	GlobalSection(ProjectConfigurationPlatforms) = postSolution
		{309DE3A0-2AFD-4113-B92A-1CB78564F81C}.Debug|Any CPU.ActiveCfg = Debug|Any CPU
		{309DE3A0-2AFD-4113-B92A-1CB78564F81C}.Debug|Any CPU.Build.0 = Debug|Any CPU
		{309DE3A0-2AFD-4113-B92A-1CB78564F81C}.Release|Any CPU.ActiveCfg = Release|Any CPU
		{309DE3A0-2AFD-4113-B92A-1CB78564F81C}.Release|Any CPU.Build.0 = Release|Any CPU
		{69A41F77-EAB3-41C6-AE87-D7D4D3E4516A}.Debug|Any CPU.ActiveCfg = Debug|Any CPU
		{69A41F77-EAB3-41C6-AE87-D7D4D3E4516A}.Debug|Any CPU.Build.0 = Debug|Any CPU
		{69A41F77-EAB3-41C6-AE87-D7D4D3E4516A}.Release|Any CPU.ActiveCfg = Release|Any CPU
		{69A41F77-EAB3-41C6-AE87-D7D4D3E4516A}.Release|Any CPU.Build.0 = Release|Any CPU
	EndGlobalSection
	GlobalSection(SolutionProperties) = preSolution
		HideSolutionNode = FALSE
	EndGlobalSection
EndGlobal
